
Microsoft Visual Studio Solution File, Format Version 12.00
# Visual Studio Version 16
VisualStudioVersion = 16.0.31129.286
MinimumVisualStudioVersion = 10.0.40219.1
Project("{FAE04EC0-301F-11D3-BF4B-00C04F79EFBC}") = "RVAS-Hotel", "RVAS-Hotel\RVAS-Hotel.csproj", "{A03CA8A0-0EDF-4E2B-92DB-E1726628DACF}"
EndProject
Global
	GlobalSection(SolutionConfigurationPlatforms) = preSolution
		Debug|Any CPU = Debug|Any CPU
		Release|Any CPU = Release|Any CPU
	EndGlobalSection
	GlobalSection(ProjectConfigurationPlatforms) = postSolution
		{A03CA8A0-0EDF-4E2B-92DB-E1726628DACF}.Debug|Any CPU.ActiveCfg = Debug|Any CPU
		{A03CA8A0-0EDF-4E2B-92DB-E1726628DACF}.Debug|Any CPU.Build.0 = Debug|Any CPU
		{A03CA8A0-0EDF-4E2B-92DB-E1726628DACF}.Release|Any CPU.ActiveCfg = Release|Any CPU
		{A03CA8A0-0EDF-4E2B-92DB-E1726628DACF}.Release|Any CPU.Build.0 = Release|Any CPU
	EndGlobalSection
	GlobalSection(SolutionProperties) = preSolution
		HideSolutionNode = FALSE
	EndGlobalSection
	GlobalSection(ExtensibilityGlobals) = postSolution
		SolutionGuid = {A484E7CE-2F09-427F-B3AF-B674161AA56A}
	EndGlobalSection
EndGlobal
